<Solution>
  <Folder Name="/Элементы решения/">
    <File Path=".gitignore" />
    <File Path="README.md" />
    <File Path="requirements.txt" />
  </Folder>
  <Project Path="book-shelf-backend/book-shelf-backend.pyproj" Type="888888a0-9f3d-457c-b088-3a5042f75d52" Id="38be3fd4-181d-4b82-8312-3a2601ae468b">
    <Build Project="false" />
  </Project>
</Solution>
